
Microsoft Visual Studio Solution File, Format Version 12.00
# Visual Studio Version 17
VisualStudioVersion = 17.1.32319.34
MinimumVisualStudioVersion = 10.0.40219.1
Project("{9A19103F-16F7-4668-BE54-9A1E7A4F7556}") = "FridgeWebApiUI", "FridgeWebApiUI\FridgeWebApiUI.csproj", "{D30099D4-8841-415F-9BDE-606120FAFBEE}"
EndProject
Project("{9A19103F-16F7-4668-BE54-9A1E7A4F7556}") = "FridgeWebApiBL", "FridgeWebApiBL\FridgeWebApiBL.csproj", "{55B52464-810E-486F-A70A-8C91F7B2AFD0}"
EndProject
Project("{9A19103F-16F7-4668-BE54-9A1E7A4F7556}") = "FridgeWebApiDL", "FridgeWebApiDL\FridgeWebApiDL.csproj", "{17982CEE-05D7-4F2C-8F41-39B8C004D12D}"
EndProject
Project("{2150E333-8FDC-42A3-9474-1A3956D46DE8}") = "1.UI", "1.UI", "{1749F627-65E2-4300-AB88-1C43AA61DEB4}"
EndProject
Project("{2150E333-8FDC-42A3-9474-1A3956D46DE8}") = "2.BL", "2.BL", "{6448185F-C1ED-45AD-9FC0-DA5C76DF186B}"
EndProject
Project("{2150E333-8FDC-42A3-9474-1A3956D46DE8}") = "3.DL", "3.DL", "{E674C89A-7680-4EB2-B212-B83AC0DB4BFB}"
EndProject
Project("{2150E333-8FDC-42A3-9474-1A3956D46DE8}") = "Auth", "Auth", "{873F676F-A4D5-480C-B7D8-C9EB526BAAF3}"
EndProject
Project("{9A19103F-16F7-4668-BE54-9A1E7A4F7556}") = "AuthApi", "AuthApi\AuthApi.csproj", "{6FACDE68-8E7A-4829-838C-CB560E876BFC}"
EndProject
Project("{9A19103F-16F7-4668-BE54-9A1E7A4F7556}") = "Application", "Application\Application.csproj", "{D7E7031C-D16D-474B-B65E-80E69EEEA033}"
EndProject
Project("{9A19103F-16F7-4668-BE54-9A1E7A4F7556}") = "Domain", "Domain\Domain.csproj", "{99D0B730-F17A-4E17-9405-462B790E4995}"
EndProject
Project("{9A19103F-16F7-4668-BE54-9A1E7A4F7556}") = "EFData", "EFData\EFData.csproj", "{4B44BC3A-A723-4799-82D0-3E2FC01152EA}"
EndProject
Project("{9A19103F-16F7-4668-BE54-9A1E7A4F7556}") = "Infastructure", "Infastructure\Infastructure.csproj", "{E88BAE8F-2F5D-4343-AE61-EFF83276A1D2}"
EndProject
Project("{2150E333-8FDC-42A3-9474-1A3956D46DE8}") = "1.AuthApi", "1.AuthApi", "{C1DF14FF-30DA-4CD2-AF0A-E0AFFC335A38}"
EndProject
Project("{2150E333-8FDC-42A3-9474-1A3956D46DE8}") = "2.Application", "2.Application", "{2012AB42-4C97-4E28-B587-AD9346209071}"
EndProject
Project("{2150E333-8FDC-42A3-9474-1A3956D46DE8}") = "3.Domain", "3.Domain", "{6BA80905-5B24-455E-AEA3-6591E7E40C5C}"
EndProject
Project("{2150E333-8FDC-42A3-9474-1A3956D46DE8}") = "4.EFData", "4.EFData", "{A9E206A7-1329-47C1-A6DC-BF69969FE9FC}"
EndProject
Project("{2150E333-8FDC-42A3-9474-1A3956D46DE8}") = "5.Infastructure", "5.Infastructure", "{DFD93EB2-4DBB-45BF-9488-752F60A76A1B}"
EndProject
Project("{2150E333-8FDC-42A3-9474-1A3956D46DE8}") = "UnitTests", "UnitTests", "{C0BD234A-00FF-4F74-A8B3-ED0DBF9564D7}"
EndProject
Project("{FAE04EC0-301F-11D3-BF4B-00C04F79EFBC}") = "FridgeModelDL.Test", "FridgeModelDL.Test\FridgeModelDL.Test.csproj", "{7E9F1037-B892-43BF-9E63-98469E242877}"
EndProject
Global
	GlobalSection(SolutionConfigurationPlatforms) = preSolution
		Debug|Any CPU = Debug|Any CPU
		Release|Any CPU = Release|Any CPU
	EndGlobalSection
	GlobalSection(ProjectConfigurationPlatforms) = postSolution
		{D30099D4-8841-415F-9BDE-606120FAFBEE}.Debug|Any CPU.ActiveCfg = Debug|Any CPU
		{D30099D4-8841-415F-9BDE-606120FAFBEE}.Debug|Any CPU.Build.0 = Debug|Any CPU
		{D30099D4-8841-415F-9BDE-606120FAFBEE}.Release|Any CPU.ActiveCfg = Release|Any CPU
		{D30099D4-8841-415F-9BDE-606120FAFBEE}.Release|Any CPU.Build.0 = Release|Any CPU
		{55B52464-810E-486F-A70A-8C91F7B2AFD0}.Debug|Any CPU.ActiveCfg = Debug|Any CPU
		{55B52464-810E-486F-A70A-8C91F7B2AFD0}.Debug|Any CPU.Build.0 = Debug|Any CPU
		{55B52464-810E-486F-A70A-8C91F7B2AFD0}.Release|Any CPU.ActiveCfg = Release|Any CPU
		{55B52464-810E-486F-A70A-8C91F7B2AFD0}.Release|Any CPU.Build.0 = Release|Any CPU
		{17982CEE-05D7-4F2C-8F41-39B8C004D12D}.Debug|Any CPU.ActiveCfg = Debug|Any CPU
		{17982CEE-05D7-4F2C-8F41-39B8C004D12D}.Debug|Any CPU.Build.0 = Debug|Any CPU
		{17982CEE-05D7-4F2C-8F41-39B8C004D12D}.Release|Any CPU.ActiveCfg = Release|Any CPU
		{17982CEE-05D7-4F2C-8F41-39B8C004D12D}.Release|Any CPU.Build.0 = Release|Any CPU
		{6FACDE68-8E7A-4829-838C-CB560E876BFC}.Debug|Any CPU.ActiveCfg = Debug|Any CPU
		{6FACDE68-8E7A-4829-838C-CB560E876BFC}.Debug|Any CPU.Build.0 = Debug|Any CPU
		{6FACDE68-8E7A-4829-838C-CB560E876BFC}.Release|Any CPU.ActiveCfg = Release|Any CPU
		{6FACDE68-8E7A-4829-838C-CB560E876BFC}.Release|Any CPU.Build.0 = Release|Any CPU
		{D7E7031C-D16D-474B-B65E-80E69EEEA033}.Debug|Any CPU.ActiveCfg = Debug|Any CPU
		{D7E7031C-D16D-474B-B65E-80E69EEEA033}.Debug|Any CPU.Build.0 = Debug|Any CPU
		{D7E7031C-D16D-474B-B65E-80E69EEEA033}.Release|Any CPU.ActiveCfg = Release|Any CPU
		{D7E7031C-D16D-474B-B65E-80E69EEEA033}.Release|Any CPU.Build.0 = Release|Any CPU
		{99D0B730-F17A-4E17-9405-462B790E4995}.Debug|Any CPU.ActiveCfg = Debug|Any CPU
		{99D0B730-F17A-4E17-9405-462B790E4995}.Debug|Any CPU.Build.0 = Debug|Any CPU
		{99D0B730-F17A-4E17-9405-462B790E4995}.Release|Any CPU.ActiveCfg = Release|Any CPU
		{99D0B730-F17A-4E17-9405-462B790E4995}.Release|Any CPU.Build.0 = Release|Any CPU
		{4B44BC3A-A723-4799-82D0-3E2FC01152EA}.Debug|Any CPU.ActiveCfg = Debug|Any CPU
		{4B44BC3A-A723-4799-82D0-3E2FC01152EA}.Debug|Any CPU.Build.0 = Debug|Any CPU
		{4B44BC3A-A723-4799-82D0-3E2FC01152EA}.Release|Any CPU.ActiveCfg = Release|Any CPU
		{4B44BC3A-A723-4799-82D0-3E2FC01152EA}.Release|Any CPU.Build.0 = Release|Any CPU
		{E88BAE8F-2F5D-4343-AE61-EFF83276A1D2}.Debug|Any CPU.ActiveCfg = Debug|Any CPU
		{E88BAE8F-2F5D-4343-AE61-EFF83276A1D2}.Debug|Any CPU.Build.0 = Debug|Any CPU
		{E88BAE8F-2F5D-4343-AE61-EFF83276A1D2}.Release|Any CPU.ActiveCfg = Release|Any CPU
		{E88BAE8F-2F5D-4343-AE61-EFF83276A1D2}.Release|Any CPU.Build.0 = Release|Any CPU
		{7E9F1037-B892-43BF-9E63-98469E242877}.Debug|Any CPU.ActiveCfg = Debug|Any CPU
		{7E9F1037-B892-43BF-9E63-98469E242877}.Debug|Any CPU.Build.0 = Debug|Any CPU
		{7E9F1037-B892-43BF-9E63-98469E242877}.Release|Any CPU.ActiveCfg = Release|Any CPU
		{7E9F1037-B892-43BF-9E63-98469E242877}.Release|Any CPU.Build.0 = Release|Any CPU
	EndGlobalSection
	GlobalSection(SolutionProperties) = preSolution
		HideSolutionNode = FALSE
	EndGlobalSection
	GlobalSection(NestedProjects) = preSolution
		{D30099D4-8841-415F-9BDE-606120FAFBEE} = {1749F627-65E2-4300-AB88-1C43AA61DEB4}
		{55B52464-810E-486F-A70A-8C91F7B2AFD0} = {6448185F-C1ED-45AD-9FC0-DA5C76DF186B}
		{17982CEE-05D7-4F2C-8F41-39B8C004D12D} = {E674C89A-7680-4EB2-B212-B83AC0DB4BFB}
		{6FACDE68-8E7A-4829-838C-CB560E876BFC} = {C1DF14FF-30DA-4CD2-AF0A-E0AFFC335A38}
		{D7E7031C-D16D-474B-B65E-80E69EEEA033} = {2012AB42-4C97-4E28-B587-AD9346209071}
		{99D0B730-F17A-4E17-9405-462B790E4995} = {6BA80905-5B24-455E-AEA3-6591E7E40C5C}
		{4B44BC3A-A723-4799-82D0-3E2FC01152EA} = {A9E206A7-1329-47C1-A6DC-BF69969FE9FC}
		{E88BAE8F-2F5D-4343-AE61-EFF83276A1D2} = {DFD93EB2-4DBB-45BF-9488-752F60A76A1B}
		{C1DF14FF-30DA-4CD2-AF0A-E0AFFC335A38} = {873F676F-A4D5-480C-B7D8-C9EB526BAAF3}
		{2012AB42-4C97-4E28-B587-AD9346209071} = {873F676F-A4D5-480C-B7D8-C9EB526BAAF3}
		{6BA80905-5B24-455E-AEA3-6591E7E40C5C} = {873F676F-A4D5-480C-B7D8-C9EB526BAAF3}
		{A9E206A7-1329-47C1-A6DC-BF69969FE9FC} = {873F676F-A4D5-480C-B7D8-C9EB526BAAF3}
		{DFD93EB2-4DBB-45BF-9488-752F60A76A1B} = {873F676F-A4D5-480C-B7D8-C9EB526BAAF3}
		{7E9F1037-B892-43BF-9E63-98469E242877} = {C0BD234A-00FF-4F74-A8B3-ED0DBF9564D7}
	EndGlobalSection
	GlobalSection(ExtensibilityGlobals) = postSolution
		SolutionGuid = {51B1A62D-0EAB-42F8-9823-7A8722FB920F}
	EndGlobalSection
EndGlobal
